
Microsoft Visual Studio Solution File, Format Version 12.00
# Visual Studio Version 17
VisualStudioVersion = 17.5.33530.505
MinimumVisualStudioVersion = 10.0.40219.1
Project("{FAE04EC0-301F-11D3-BF4B-00C04F79EFBC}") = "Dapper.WebAPI", "Dapper.WebAPI\Dapper.WebAPI.csproj", "{1AF41615-8D76-434B-B4B5-58C4D2C17A40}"
EndProject
Global
	GlobalSection(SolutionConfigurationPlatforms) = preSolution
		Debug|Any CPU = Debug|Any CPU
		Release|Any CPU = Release|Any CPU
	EndGlobalSection
	GlobalSection(ProjectConfigurationPlatforms) = postSolution
		{1AF41615-8D76-434B-B4B5-58C4D2C17A40}.Debug|Any CPU.ActiveCfg = Debug|Any CPU
		{1AF41615-8D76-434B-B4B5-58C4D2C17A40}.Debug|Any CPU.Build.0 = Debug|Any CPU
		{1AF41615-8D76-434B-B4B5-58C4D2C17A40}.Release|Any CPU.ActiveCfg = Release|Any CPU
		{1AF41615-8D76-434B-B4B5-58C4D2C17A40}.Release|Any CPU.Build.0 = Release|Any CPU
	EndGlobalSection
	GlobalSection(SolutionProperties) = preSolution
		HideSolutionNode = FALSE
	EndGlobalSection
	GlobalSection(ExtensibilityGlobals) = postSolution
		SolutionGuid = {7C2E3C42-C1C1-4733-8F90-A68684C92F23}
	EndGlobalSection
EndGlobal
